
Microsoft Visual Studio Solution File, Format Version 12.00
# Visual Studio Version 16
VisualStudioVersion = 16.0.30523.141
MinimumVisualStudioVersion = 10.0.40219.1
Project("{FAE04EC0-301F-11D3-BF4B-00C04F79EFBC}") = "WeakStrongCollisionResistance", "WeakStrongCollisionResistance\WeakStrongCollisionResistance.csproj", "{A8393AE8-4706-416B-96B9-D77998EBEC83}"
EndProject
Global
	GlobalSection(SolutionConfigurationPlatforms) = preSolution
		Debug|Any CPU = Debug|Any CPU
		Release|Any CPU = Release|Any CPU
	EndGlobalSection
	GlobalSection(ProjectConfigurationPlatforms) = postSolution
		{A8393AE8-4706-416B-96B9-D77998EBEC83}.Debug|Any CPU.ActiveCfg = Debug|Any CPU
		{A8393AE8-4706-416B-96B9-D77998EBEC83}.Debug|Any CPU.Build.0 = Debug|Any CPU
		{A8393AE8-4706-416B-96B9-D77998EBEC83}.Release|Any CPU.ActiveCfg = Release|Any CPU
		{A8393AE8-4706-416B-96B9-D77998EBEC83}.Release|Any CPU.Build.0 = Release|Any CPU
	EndGlobalSection
	GlobalSection(SolutionProperties) = preSolution
		HideSolutionNode = FALSE
	EndGlobalSection
	GlobalSection(ExtensibilityGlobals) = postSolution
		SolutionGuid = {21B1EE00-4197-4F5A-A399-B820B147A1A6}
	EndGlobalSection
EndGlobal
